
Microsoft Visual Studio Solution File, Format Version 12.00
# Visual Studio 2013
VisualStudioVersion = 12.0.0.0
MinimumVisualStudioVersion = 10.0.0.1
Project("{FAE04EC0-301F-11D3-BF4B-00C04F79EFBC}") = "Lights", "Lights/Lights.csproj", "{A11E66B5-26CC-4E38-9E09-C36F553D3DB6}"
EndProject
Project("{FAE04EC0-301F-11D3-BF4B-00C04F79EFBC}") = "Lights.Console", "Lights.Console\Lights.Console.csproj", "{639A3FA6-BBF2-4327-B619-944967C9E990}"
EndProject
Project("{FAE04EC0-301F-11D3-BF4B-00C04F79EFBC}") = "Lights.Client", "Lights.Client\Lights.Client.csproj", "{929B13CB-4C90-457E-A8C5-82327F87A0BF}"
EndProject
Global
	GlobalSection(SolutionConfigurationPlatforms) = preSolution
		Debug|Any CPU = Debug|Any CPU
		Release|Any CPU = Release|Any CPU
	EndGlobalSection
	GlobalSection(ProjectConfigurationPlatforms) = postSolution
		{A11E66B5-26CC-4E38-9E09-C36F553D3DB6}.Debug|Any CPU.ActiveCfg = Debug|Any CPU
		{A11E66B5-26CC-4E38-9E09-C36F553D3DB6}.Debug|Any CPU.Build.0 = Debug|Any CPU
		{A11E66B5-26CC-4E38-9E09-C36F553D3DB6}.Release|Any CPU.ActiveCfg = Release|Any CPU
		{A11E66B5-26CC-4E38-9E09-C36F553D3DB6}.Release|Any CPU.Build.0 = Release|Any CPU
		{639A3FA6-BBF2-4327-B619-944967C9E990}.Debug|Any CPU.ActiveCfg = Debug|Any CPU
		{639A3FA6-BBF2-4327-B619-944967C9E990}.Debug|Any CPU.Build.0 = Debug|Any CPU
		{639A3FA6-BBF2-4327-B619-944967C9E990}.Release|Any CPU.ActiveCfg = Release|Any CPU
		{639A3FA6-BBF2-4327-B619-944967C9E990}.Release|Any CPU.Build.0 = Release|Any CPU
		{929B13CB-4C90-457E-A8C5-82327F87A0BF}.Debug|Any CPU.ActiveCfg = Debug|Any CPU
		{929B13CB-4C90-457E-A8C5-82327F87A0BF}.Debug|Any CPU.Build.0 = Debug|Any CPU
		{929B13CB-4C90-457E-A8C5-82327F87A0BF}.Release|Any CPU.ActiveCfg = Release|Any CPU
		{929B13CB-4C90-457E-A8C5-82327F87A0BF}.Release|Any CPU.Build.0 = Release|Any CPU
	EndGlobalSection
	GlobalSection(SolutionProperties) = preSolution
		HideSolutionNode = FALSE
	EndGlobalSection
EndGlobal
